// !$*UTF8*$!
{
	archiveVersion = 1;
	classes = {
	};
	objectVersion = 48;
	objects = {

/* Begin PBXBuildFile section */
		046CD8632058F579006B881E /* AppDelegate.swift in Sources */ = {isa = PBXBuildFile; fileRef = 046CD8622058F579006B881E /* AppDelegate.swift */; };
		046CD8652058F579006B881E /* ViewController.swift in Sources */ = {isa = PBXBuildFile; fileRef = 046CD8642058F579006B881E /* ViewController.swift */; };
		046CD8682058F579006B881E /* Main.storyboard in Resources */ = {isa = PBXBuildFile; fileRef = 046CD8662058F579006B881E /* Main.storyboard */; };
		046CD86B2058F579006B881E /* Disk.xcdatamodeld in Sources */ = {isa = PBXBuildFile; fileRef = 046CD8692058F579006B881E /* Disk.xcdatamodeld */; };
		046CD86D2058F579006B881E /* Assets.xcassets in Resources */ = {isa = PBXBuildFile; fileRef = 046CD86C2058F579006B881E /* Assets.xcassets */; };
		046CD8702058F579006B881E /* LaunchScreen.storyboard in Resources */ = {isa = PBXBuildFile; fileRef = 046CD86E2058F579006B881E /* LaunchScreen.storyboard */; };
		046CD87B2058F57A006B881E /* DiskTests.swift in Sources */ = {isa = PBXBuildFile; fileRef = 046CD87A2058F57A006B881E /* DiskTests.swift */; };
		046CD8862058F57A006B881E /* DiskUITests.swift in Sources */ = {isa = PBXBuildFile; fileRef = 046CD8852058F57A006B881E /* DiskUITests.swift */; };
/* End PBXBuildFile section */

/* Begin PBXContainerItemProxy section */
		046CD8772058F57A006B881E /* PBXContainerItemProxy */ = {
			isa = PBXContainerItemProxy;
			containerPortal = 046CD8572058F579006B881E /* Project object */;
			proxyType = 1;
			remoteGlobalIDString = 046CD85E2058F579006B881E;
			remoteInfo = Disk;
		};
		046CD8822058F57A006B881E /* PBXContainerItemProxy */ = {
			isa = PBXContainerItemProxy;
			containerPortal = 046CD8572058F579006B881E /* Project object */;
			proxyType = 1;
			remoteGlobalIDString = 046CD85E2058F579006B881E;
			remoteInfo = Disk;
		};
/* End PBXContainerItemProxy section */

/* Begin PBXFileReference section */
		046CD85F2058F579006B881E /* Disk.app */ = {isa = PBXFileReference; explicitFileType = wrapper.application; includeInIndex = 0; path = Disk.app; sourceTree = BUILT_PRODUCTS_DIR; };
		046CD8622058F579006B881E /* AppDelegate.swift */ = {isa = PBXFileReference; lastKnownFileType = sourcecode.swift; path = AppDelegate.swift; sourceTree = "<group>"; };
		046CD8642058F579006B881E /* ViewController.swift */ = {isa = PBXFileReference; lastKnownFileType = sourcecode.swift; path = ViewController.swift; sourceTree = "<group>"; };
		046CD8672058F579006B881E /* Base */ = {isa = PBXFileReference; lastKnownFileType = file.storyboard; name = Base; path = Base.lproj/Main.storyboard; sourceTree = "<group>"; };
		046CD86A2058F579006B881E /* Disk.xcdatamodel */ = {isa = PBXFileReference; lastKnownFileType = wrapper.xcdatamodel; path = Disk.xcdatamodel; sourceTree = "<group>"; };
		046CD86C2058F579006B881E /* Assets.xcassets */ = {isa = PBXFileReference; lastKnownFileType = folder.assetcatalog; path = Assets.xcassets; sourceTree = "<group>"; };
		046CD86F2058F579006B881E /* Base */ = {isa = PBXFileReference; lastKnownFileType = file.storyboard; name = Base; path = Base.lproj/LaunchScreen.storyboard; sourceTree = "<group>"; };
		046CD8712058F579006B881E /* Info.plist */ = {isa = PBXFileReference; lastKnownFileType = text.plist.xml; path = Info.plist; sourceTree = "<group>"; };
		046CD8762058F57A006B881E /* DiskTests.xctest */ = {isa = PBXFileReference; explicitFileType = wrapper.cfbundle; includeInIndex = 0; path = DiskTests.xctest; sourceTree = BUILT_PRODUCTS_DIR; };
		046CD87A2058F57A006B881E /* DiskTests.swift */ = {isa = PBXFileReference; lastKnownFileType = sourcecode.swift; path = DiskTests.swift; sourceTree = "<group>"; };
		046CD87C2058F57A006B881E /* Info.plist */ = {isa = PBXFileReference; lastKnownFileType = text.plist.xml; path = Info.plist; sourceTree = "<group>"; };
		046CD8812058F57A006B881E /* DiskUITests.xctest */ = {isa = PBXFileReference; explicitFileType = wrapper.cfbundle; includeInIndex = 0; path = DiskUITests.xctest; sourceTree = BUILT_PRODUCTS_DIR; };
		046CD8852058F57A006B881E /* DiskUITests.swift */ = {isa = PBXFileReference; lastKnownFileType = sourcecode.swift; path = DiskUITests.swift; sourceTree = "<group>"; };
		046CD8872058F57A006B881E /* Info.plist */ = {isa = PBXFileReference; lastKnownFileType = text.plist.xml; path = Info.plist; sourceTree = "<group>"; };
/* End PBXFileReference section */

/* Begin PBXFrameworksBuildPhase section */
		046CD85C2058F579006B881E /* Frameworks */ = {
			isa = PBXFrameworksBuildPhase;
			buildActionMask = 2147483647;
			files = (
			);
			runOnlyForDeploymentPostprocessing = 0;
		};
		046CD8732058F57A006B881E /* Frameworks */ = {
			isa = PBXFrameworksBuildPhase;
			buildActionMask = 2147483647;
			files = (
			);
			runOnlyForDeploymentPostprocessing = 0;
		};
		046CD87E2058F57A006B881E /* Frameworks */ = {
			isa = PBXFrameworksBuildPhase;
			buildActionMask = 2147483647;
			files = (
			);
			runOnlyForDeploymentPostprocessing = 0;
		};
/* End PBXFrameworksBuildPhase section */

/* Begin PBXGroup section */
		046CD8562058F579006B881E = {
			isa = PBXGroup;
			children = (
				046CD8612058F579006B881E /* Disk */,
				046CD8792058F57A006B881E /* DiskTests */,
				046CD8842058F57A006B881E /* DiskUITests */,
				046CD8602058F579006B881E /* Products */,
			);
			sourceTree = "<group>";
		};
		046CD8602058F579006B881E /* Products */ = {
			isa = PBXGroup;
			children = (
				046CD85F2058F579006B881E /* Disk.app */,
				046CD8762058F57A006B881E /* DiskTests.xctest */,
				046CD8812058F57A006B881E /* DiskUITests.xctest */,
			);
			name = Products;
			sourceTree = "<group>";
		};
		046CD8612058F579006B881E /* Disk */ = {
			isa = PBXGroup;
			children = (
				046CD8622058F579006B881E /* AppDelegate.swift */,
				046CD8642058F579006B881E /* ViewController.swift */,
				046CD8662058F579006B881E /* Main.storyboard */,
				046CD86C2058F579006B881E /* Assets.xcassets */,
				046CD86E2058F579006B881E /* LaunchScreen.storyboard */,
				046CD8712058F579006B881E /* Info.plist */,
				046CD8692058F579006B881E /* Disk.xcdatamodeld */,
			);
			path = Disk;
			sourceTree = "<group>";
		};
		046CD8792058F57A006B881E /* DiskTests */ = {
			isa = PBXGroup;
			children = (
				046CD87A2058F57A006B881E /* DiskTests.swift */,
				046CD87C2058F57A006B881E /* Info.plist */,
			);
			path = DiskTests;
			sourceTree = "<group>";
		};
		046CD8842058F57A006B881E /* DiskUITests */ = {
			isa = PBXGroup;
			children = (
				046CD8852058F57A006B881E /* DiskUITests.swift */,
				046CD8872058F57A006B881E /* Info.plist */,
			);
			path = DiskUITests;
			sourceTree = "<group>";
		};
/* End PBXGroup section */

/* Begin PBXNativeTarget section */
		046CD85E2058F579006B881E /* Disk */ = {
			isa = PBXNativeTarget;
			buildConfigurationList = 046CD88A2058F57A006B881E /* Build configuration list for PBXNativeTarget "Disk" */;
			buildPhases = (
				046CD85B2058F579006B881E /* Sources */,
				046CD85C2058F579006B881E /* Frameworks */,
				046CD85D2058F579006B881E /* Resources */,
			);
			buildRules = (
			);
			dependencies = (
			);
			name = Disk;
			productName = Disk;
			productReference = 046CD85F2058F579006B881E /* Disk.app */;
			productType = "com.apple.product-type.application";
		};
		046CD8752058F57A006B881E /* DiskTests */ = {
			isa = PBXNativeTarget;
			buildConfigurationList = 046CD88D2058F57A006B881E /* Build configuration list for PBXNativeTarget "DiskTests" */;
			buildPhases = (
				046CD8722058F57A006B881E /* Sources */,
				046CD8732058F57A006B881E /* Frameworks */,
				046CD8742058F57A006B881E /* Resources */,
			);
			buildRules = (
			);
			dependencies = (
				046CD8782058F57A006B881E /* PBXTargetDependency */,
			);
			name = DiskTests;
			productName = DiskTests;
			productReference = 046CD8762058F57A006B881E /* DiskTests.xctest */;
			productType = "com.apple.product-type.bundle.unit-test";
		};
		046CD8802058F57A006B881E /* DiskUITests */ = {
			isa = PBXNativeTarget;
			buildConfigurationList = 046CD8902058F57A006B881E /* Build configuration list for PBXNativeTarget "DiskUITests" */;
			buildPhases = (
				046CD87D2058F57A006B881E /* Sources */,
				046CD87E2058F57A006B881E /* Frameworks */,
				046CD87F2058F57A006B881E /* Resources */,
			);
			buildRules = (
			);
			dependencies = (
				046CD8832058F57A006B881E /* PBXTargetDependency */,
			);
			name = DiskUITests;
			productName = DiskUITests;
			productReference = 046CD8812058F57A006B881E /* DiskUITests.xctest */;
			productType = "com.apple.product-type.bundle.ui-testing";
		};
/* End PBXNativeTarget section */

/* Begin PBXProject section */
		046CD8572058F579006B881E /* Project object */ = {
			isa = PBXProject;
			attributes = {
				LastSwiftUpdateCheck = 0920;
				LastUpgradeCheck = 0920;
				ORGANIZATIONNAME = D7703_15;
				TargetAttributes = {
					046CD85E2058F579006B881E = {
						CreatedOnToolsVersion = 9.2;
						ProvisioningStyle = Automatic;
					};
					046CD8752058F57A006B881E = {
						CreatedOnToolsVersion = 9.2;
						ProvisioningStyle = Automatic;
						TestTargetID = 046CD85E2058F579006B881E;
					};
					046CD8802058F57A006B881E = {
						CreatedOnToolsVersion = 9.2;
						ProvisioningStyle = Automatic;
						TestTargetID = 046CD85E2058F579006B881E;
					};
				};
			};
			buildConfigurationList = 046CD85A2058F579006B881E /* Build configuration list for PBXProject "Disk" */;
			compatibilityVersion = "Xcode 8.0";
			developmentRegion = en;
			hasScannedForEncodings = 0;
			knownRegions = (
				en,
				Base,
			);
			mainGroup = 046CD8562058F579006B881E;
			productRefGroup = 046CD8602058F579006B881E /* Products */;
			projectDirPath = "";
			projectRoot = "";
			targets = (
				046CD85E2058F579006B881E /* Disk */,
				046CD8752058F57A006B881E /* DiskTests */,
				046CD8802058F57A006B881E /* DiskUITests */,
			);
		};
/* End PBXProject section */

/* Begin PBXResourcesBuildPhase section */
		046CD85D2058F579006B881E /* Resources */ = {
			isa = PBXResourcesBuildPhase;
			buildActionMask = 2147483647;
			files = (
				046CD8702058F579006B881E /* LaunchScreen.storyboard in Resources */,
				046CD86D2058F579006B881E /* Assets.xcassets in Resources */,
				046CD8682058F579006B881E /* Main.storyboard in Resources */,
			);
			runOnlyForDeploymentPostprocessing = 0;
		};
		046CD8742058F57A006B881E /* Resources */ = {
			isa = PBXResourcesBuildPhase;
			buildActionMask = 2147483647;
			files = (
			);
			runOnlyForDeploymentPostprocessing = 0;
		};
		046CD87F2058F57A006B881E /* Resources */ = {
			isa = PBXResourcesBuildPhase;
			buildActionMask = 2147483647;
			files = (
			);
			runOnlyForDeploymentPostprocessing = 0;
		};
/* End PBXResourcesBuildPhase section */

/* Begin PBXSourcesBuildPhase section */
		046CD85B2058F579006B881E /* Sources */ = {
			isa = PBXSourcesBuildPhase;
			buildActionMask = 2147483647;
			files = (
				046CD86B2058F579006B881E /* Disk.xcdatamodeld in Sources */,
				046CD8652058F579006B881E /* ViewController.swift in Sources */,
				046CD8632058F579006B881E /* AppDelegate.swift in Sources */,
			);
			runOnlyForDeploymentPostprocessing = 0;
		};
		046CD8722058F57A006B881E /* Sources */ = {
			isa = PBXSourcesBuildPhase;
			buildActionMask = 2147483647;
			files = (
				046CD87B2058F57A006B881E /* DiskTests.swift in Sources */,
			);
			runOnlyForDeploymentPostprocessing = 0;
		};
		046CD87D2058F57A006B881E /* Sources */ = {
			isa = PBXSourcesBuildPhase;
			buildActionMask = 2147483647;
			files = (
				046CD8862058F57A006B881E /* DiskUITests.swift in Sources */,
			);
			runOnlyForDeploymentPostprocessing = 0;
		};
/* End PBXSourcesBuildPhase section */

/* Begin PBXTargetDependency section */
		046CD8782058F57A006B881E /* PBXTargetDependency */ = {
			isa = PBXTargetDependency;
			target = 046CD85E2058F579006B881E /* Disk */;
			targetProxy = 046CD8772058F57A006B881E /* PBXContainerItemProxy */;
		};
		046CD8832058F57A006B881E /* PBXTargetDependency */ = {
			isa = PBXTargetDependency;
			target = 046CD85E2058F579006B881E /* Disk */;
			targetProxy = 046CD8822058F57A006B881E /* PBXContainerItemProxy */;
		};
/* End PBXTargetDependency section */

/* Begin PBXVariantGroup section */
		046CD8662058F579006B881E /* Main.storyboard */ = {
			isa = PBXVariantGroup;
			children = (
				046CD8672058F579006B881E /* Base */,
			);
			name = Main.storyboard;
			sourceTree = "<group>";
		};
		046CD86E2058F579006B881E /* LaunchScreen.storyboard */ = {
			isa = PBXVariantGroup;
			children = (
				046CD86F2058F579006B881E /* Base */,
			);
			name = LaunchScreen.storyboard;
			sourceTree = "<group>";
		};
/* End PBXVariantGroup section */

/* Begin XCBuildConfiguration section */
		046CD8882058F57A006B881E /* Debug */ = {
			isa = XCBuildConfiguration;
			buildSettings = {
				ALWAYS_SEARCH_USER_PATHS = NO;
				CLANG_ANALYZER_NONNULL = YES;
				CLANG_ANALYZER_NUMBER_OBJECT_CONVERSION = YES_AGGRESSIVE;
				CLANG_CXX_LANGUAGE_STANDARD = "gnu++14";
				CLANG_CXX_LIBRARY = "libc++";
				CLANG_ENABLE_MODULES = YES;
				CLANG_ENABLE_OBJC_ARC = YES;
				CLANG_WARN_BLOCK_CAPTURE_AUTORELEASING = YES;
				CLANG_WARN_BOOL_CONVERSION = YES;
				CLANG_WARN_COMMA = YES;
				CLANG_WARN_CONSTANT_CONVERSION = YES;
				CLANG_WARN_DIRECT_OBJC_ISA_USAGE = YES_ERROR;
				CLANG_WARN_DOCUMENTATION_COMMENTS = YES;
				CLANG_WARN_EMPTY_BODY = YES;
				CLANG_WARN_ENUM_CONVERSION = YES;
				CLANG_WARN_INFINITE_RECURSION = YES;
				CLANG_WARN_INT_CONVERSION = YES;
				CLANG_WARN_NON_LITERAL_NULL_CONVERSION = YES;
				CLANG_WARN_OBJC_LITERAL_CONVERSION = YES;
				CLANG_WARN_OBJC_ROOT_CLASS = YES_ERROR;
				CLANG_WARN_RANGE_LOOP_ANALYSIS = YES;
				CLANG_WARN_STRICT_PROTOTYPES = YES;
				CLANG_WARN_SUSPICIOUS_MOVE = YES;
				CLANG_WARN_UNGUARDED_AVAILABILITY = YES_AGGRESSIVE;
				CLANG_WARN_UNREACHABLE_CODE = YES;
				CLANG_WARN__DUPLICATE_METHOD_MATCH = YES;
				CODE_SIGN_IDENTITY = "iPhone Developer";
				COPY_PHASE_STRIP = NO;
				DEBUG_INFORMATION_FORMAT = dwarf;
				ENABLE_STRICT_OBJC_MSGSEND = YES;
				ENABLE_TESTABILITY = YES;
				GCC_C_LANGUAGE_STANDARD = gnu11;
				GCC_DYNAMIC_NO_PIC = NO;
				GCC_NO_COMMON_BLOCKS = YES;
				GCC_OPTIMIZATION_LEVEL = 0;
				GCC_PREPROCESSOR_DEFINITIONS = (
					"DEBUG=1",
					"$(inherited)",
				);
				GCC_WARN_64_TO_32_BIT_CONVERSION = YES;
				GCC_WARN_ABOUT_RETURN_TYPE = YES_ERROR;
				GCC_WARN_UNDECLARED_SELECTOR = YES;
				GCC_WARN_UNINITIALIZED_AUTOS = YES_AGGRESSIVE;
				GCC_WARN_UNUSED_FUNCTION = YES;
				GCC_WARN_UNUSED_VARIABLE = YES;
				IPHONEOS_DEPLOYMENT_TARGET = 11.2;
				MTL_ENABLE_DEBUG_INFO = YES;
				ONLY_ACTIVE_ARCH = YES;
				SDKROOT = iphoneos;
				SWIFT_ACTIVE_COMPILATION_CONDITIONS = DEBUG;
				SWIFT_OPTIMIZATION_LEVEL = "-Onone";
			};
			name = Debug;
		};
		046CD8892058F57A006B881E /* Release */ = {
			isa = XCBuildConfiguration;
			buildSettings = {
				ALWAYS_SEARCH_USER_PATHS = NO;
				CLANG_ANALYZER_NONNULL = YES;
				CLANG_ANALYZER_NUMBER_OBJECT_CONVERSION = YES_AGGRESSIVE;
				CLANG_CXX_LANGUAGE_STANDARD = "gnu++14";
				CLANG_CXX_LIBRARY = "libc++";
				CLANG_ENABLE_MODULES = YES;
				CLANG_ENABLE_OBJC_ARC = YES;
				CLANG_WARN_BLOCK_CAPTURE_AUTORELEASING = YES;
				CLANG_WARN_BOOL_CONVERSION = YES;
				CLANG_WARN_COMMA = YES;
				CLANG_WARN_CONSTANT_CONVERSION = YES;
				CLANG_WARN_DIRECT_OBJC_ISA_USAGE = YES_ERROR;
				CLANG_WARN_DOCUMENTATION_COMMENTS = YES;
				CLANG_WARN_EMPTY_BODY = YES;
				CLANG_WARN_ENUM_CONVERSION = YES;
				CLANG_WARN_INFINITE_RECURSION = YES;
				CLANG_WARN_INT_CONVERSION = YES;
				CLANG_WARN_NON_LITERAL_NULL_CONVERSION = YES;
				CLANG_WARN_OBJC_LITERAL_CONVERSION = YES;
				CLANG_WARN_OBJC_ROOT_CLASS = YES_ERROR;
				CLANG_WARN_RANGE_LOOP_ANALYSIS = YES;
				CLANG_WARN_STRICT_PROTOTYPES = YES;
				CLANG_WARN_SUSPICIOUS_MOVE = YES;
				CLANG_WARN_UNGUARDED_AVAILABILITY = YES_AGGRESSIVE;
				CLANG_WARN_UNREACHABLE_CODE = YES;
				CLANG_WARN__DUPLICATE_METHOD_MATCH = YES;
				CODE_SIGN_IDENTITY = "iPhone Developer";
				COPY_PHASE_STRIP = NO;
				DEBUG_INFORMATION_FORMAT = "dwarf-with-dsym";
				ENABLE_NS_ASSERTIONS = NO;
				ENABLE_STRICT_OBJC_MSGSEND = YES;
				GCC_C_LANGUAGE_STANDARD = gnu11;
				GCC_NO_COMMON_BLOCKS = YES;
				GCC_WARN_64_TO_32_BIT_CONVERSION = YES;
				GCC_WARN_ABOUT_RETURN_TYPE = YES_ERROR;
				GCC_WARN_UNDECLARED_SELECTOR = YES;
				GCC_WARN_UNINITIALIZED_AUTOS = YES_AGGRESSIVE;
				GCC_WARN_UNUSED_FUNCTION = YES;
				GCC_WARN_UNUSED_VARIABLE = YES;
				IPHONEOS_DEPLOYMENT_TARGET = 11.2;
				MTL_ENABLE_DEBUG_INFO = NO;
				SDKROOT = iphoneos;
				SWIFT_OPTIMIZATION_LEVEL = "-Owholemodule";
				VALIDATE_PRODUCT = YES;
			};
			name = Release;
		};
		046CD88B2058F57A006B881E /* Debug */ = {
			isa = XCBuildConfiguration;
			buildSettings = {
				ASSETCATALOG_COMPILER_APPICON_NAME = AppIcon;
				CODE_SIGN_STYLE = Automatic;
				INFOPLIST_FILE = Disk/Info.plist;
				LD_RUNPATH_SEARCH_PATHS = "$(inherited) @executable_path/Frameworks";
				PRODUCT_BUNDLE_IDENTIFIER = "-.Disk";
				PRODUCT_NAME = "$(TARGET_NAME)";
				SWIFT_VERSION = 4.0;
				TARGETED_DEVICE_FAMILY = "1,2";
			};
			name = Debug;
		};
		046CD88C2058F57A006B881E /* Release */ = {
			isa = XCBuildConfiguration;
			buildSettings = {
				ASSETCATALOG_COMPILER_APPICON_NAME = AppIcon;
				CODE_SIGN_STYLE = Automatic;
				INFOPLIST_FILE = Disk/Info.plist;
				LD_RUNPATH_SEARCH_PATHS = "$(inherited) @executable_path/Frameworks";
				PRODUCT_BUNDLE_IDENTIFIER = "-.Disk";
				PRODUCT_NAME = "$(TARGET_NAME)";
				SWIFT_VERSION = 4.0;
				TARGETED_DEVICE_FAMILY = "1,2";
			};
			name = Release;
		};
		046CD88E2058F57A006B881E /* Debug */ = {
			isa = XCBuildConfiguration;
			buildSettings = {
				ALWAYS_EMBED_SWIFT_STANDARD_LIBRARIES = YES;
				BUNDLE_LOADER = "$(TEST_HOST)";
				CODE_SIGN_STYLE = Automatic;
				INFOPLIST_FILE = DiskTests/Info.plist;
				LD_RUNPATH_SEARCH_PATHS = "$(inherited) @executable_path/Frameworks @loader_path/Frameworks";
				PRODUCT_BUNDLE_IDENTIFIER = "-.DiskTests";
				PRODUCT_NAME = "$(TARGET_NAME)";
				SWIFT_VERSION = 4.0;
				TARGETED_DEVICE_FAMILY = "1,2";
				TEST_HOST = "$(BUILT_PRODUCTS_DIR)/Disk.app/Disk";
			};
			name = Debug;
		};
		046CD88F2058F57A006B881E /* Release */ = {
			isa = XCBuildConfiguration;
			buildSettings = {
				ALWAYS_EMBED_SWIFT_STANDARD_LIBRARIES = YES;
				BUNDLE_LOADER = "$(TEST_HOST)";
				CODE_SIGN_STYLE = Automatic;
				INFOPLIST_FILE = DiskTests/Info.plist;
				LD_RUNPATH_SEARCH_PATHS = "$(inherited) @executable_path/Frameworks @loader_path/Frameworks";
				PRODUCT_BUNDLE_IDENTIFIER = "-.DiskTests";
				PRODUCT_NAME = "$(TARGET_NAME)";
				SWIFT_VERSION = 4.0;
				TARGETED_DEVICE_FAMILY = "1,2";
				TEST_HOST = "$(BUILT_PRODUCTS_DIR)/Disk.app/Disk";
			};
			name = Release;
		};
		046CD8912058F57A006B881E /* Debug */ = {
			isa = XCBuildConfiguration;
			buildSettings = {
				ALWAYS_EMBED_SWIFT_STANDARD_LIBRARIES = YES;
				CODE_SIGN_STYLE = Automatic;
				INFOPLIST_FILE = DiskUITests/Info.plist;
				LD_RUNPATH_SEARCH_PATHS = "$(inherited) @executable_path/Frameworks @loader_path/Frameworks";
				PRODUCT_BUNDLE_IDENTIFIER = "-.DiskUITests";
				PRODUCT_NAME = "$(TARGET_NAME)";
				SWIFT_VERSION = 4.0;
				TARGETED_DEVICE_FAMILY = "1,2";
				TEST_TARGET_NAME = Disk;
			};
			name = Debug;
		};
		046CD8922058F57A006B881E /* Release */ = {
			isa = XCBuildConfiguration;
			buildSettings = {
				ALWAYS_EMBED_SWIFT_STANDARD_LIBRARIES = YES;
				CODE_SIGN_STYLE = Automatic;
				INFOPLIST_FILE = DiskUITests/Info.plist;
				LD_RUNPATH_SEARCH_PATHS = "$(inherited) @executable_path/Frameworks @loader_path/Frameworks";
				PRODUCT_BUNDLE_IDENTIFIER = "-.DiskUITests";
				PRODUCT_NAME = "$(TARGET_NAME)";
				SWIFT_VERSION = 4.0;
				TARGETED_DEVICE_FAMILY = "1,2";
				TEST_TARGET_NAME = Disk;
			};
			name = Release;
		};
/* End XCBuildConfiguration section */

/* Begin XCConfigurationList section */
		046CD85A2058F579006B881E /* Build configuration list for PBXProject "Disk" */ = {
			isa = XCConfigurationList;
			buildConfigurations = (
				046CD8882058F57A006B881E /* Debug */,
				046CD8892058F57A006B881E /* Release */,
			);
			defaultConfigurationIsVisible = 0;
			defaultConfigurationName = Release;
		};
		046CD88A2058F57A006B881E /* Build configuration list for PBXNativeTarget "Disk" */ = {
			isa = XCConfigurationList;
			buildConfigurations = (
				046CD88B2058F57A006B881E /* Debug */,
				046CD88C2058F57A006B881E /* Release */,
			);
			defaultConfigurationIsVisible = 0;
			defaultConfigurationName = Release;
		};
		046CD88D2058F57A006B881E /* Build configuration list for PBXNativeTarget "DiskTests" */ = {
			isa = XCConfigurationList;
			buildConfigurations = (
				046CD88E2058F57A006B881E /* Debug */,
				046CD88F2058F57A006B881E /* Release */,
			);
			defaultConfigurationIsVisible = 0;
			defaultConfigurationName = Release;
		};
		046CD8902058F57A006B881E /* Build configuration list for PBXNativeTarget "DiskUITests" */ = {
			isa = XCConfigurationList;
			buildConfigurations = (
				046CD8912058F57A006B881E /* Debug */,
				046CD8922058F57A006B881E /* Release */,
			);
			defaultConfigurationIsVisible = 0;
			defaultConfigurationName = Release;
		};
/* End XCConfigurationList section */

/* Begin XCVersionGroup section */
		046CD8692058F579006B881E /* Disk.xcdatamodeld */ = {
			isa = XCVersionGroup;
			children = (
				046CD86A2058F579006B881E /* Disk.xcdatamodel */,
			);
			currentVersion = 046CD86A2058F579006B881E /* Disk.xcdatamodel */;
			path = Disk.xcdatamodeld;
			sourceTree = "<group>";
			versionGroupType = wrapper.xcdatamodel;
		};
/* End XCVersionGroup section */
	};
	rootObject = 046CD8572058F579006B881E /* Project object */;
}
